dependencies:
- name: mysql
  repository: https://charts.bitnami.com/bitnami
  version: 9.14.4
- name: cert-manager
  repository: https://charts.jetstack.io
  version: v1.13.2
- name: fluent-bit
  repository: https://fluent.github.io/helm-charts
  version: 0.42.0
- name: opensearch
  repository: https://opensearch-project.github.io/helm-charts
  version: 2.17.2
- name: opensearch-dashboards
  repository: https://opensearch-project.github.io/helm-charts
  version: 2.15.1
digest: sha256:0b2df8ae47967926f58233ca725f8a06c3be94360f96168ba2ad78d72907182d
generated: "2024-01-06T22:19:21.6113292+07:00"
