dependencies:
- name: mysql
  repository: https://charts.bitnami.com/bitnami
  version: 9.14.4
- name: fluent-bit
  repository: https://fluent.github.io/helm-charts
  version: 0.42.0
- name: opensearch
  repository: https://opensearch-project.github.io/helm-charts
  version: 2.17.2
- name: opensearch-dashboards
  repository: https://opensearch-project.github.io/helm-charts
  version: 2.15.1
- name: jaeger-operator
  repository: https://jaegertracing.github.io/helm-charts
  version: 2.49.0
digest: sha256:471219fac86f9fbef22740827037ef31f7bee9cd01f297103fc191a89b263cc8
generated: "2024-01-16T23:43:26.876747305+07:00"
